
Microsoft Visual Studio Solution File, Format Version 12.00
# Visual Studio Version 17
VisualStudioVersion = 17.7.34031.279
MinimumVisualStudioVersion = 10.0.40219.1
Project("{FAE04EC0-301F-11D3-BF4B-00C04F79EFBC}") = "ProjectSample", "ProjectSample.csproj", "{A8291B5E-9E8D-4A65-8241-890A8F4454A9}"
EndProject
Global
	GlobalSection(SolutionConfigurationPlatforms) = preSolution
		Debug|Any CPU = Debug|Any CPU
		Release|Any CPU = Release|Any CPU
	EndGlobalSection
	GlobalSection(ProjectConfigurationPlatforms) = postSolution
		{A8291B5E-9E8D-4A65-8241-890A8F4454A9}.Debug|Any CPU.ActiveCfg = Debug|Any CPU
		{A8291B5E-9E8D-4A65-8241-890A8F4454A9}.Debug|Any CPU.Build.0 = Debug|Any CPU
		{A8291B5E-9E8D-4A65-8241-890A8F4454A9}.Release|Any CPU.ActiveCfg = Release|Any CPU
		{A8291B5E-9E8D-4A65-8241-890A8F4454A9}.Release|Any CPU.Build.0 = Release|Any CPU
	EndGlobalSection
	GlobalSection(SolutionProperties) = preSolution
		HideSolutionNode = FALSE
	EndGlobalSection
	GlobalSection(ExtensibilityGlobals) = postSolution
		SolutionGuid = {D7A50E65-68BC-4510-BA74-42B15A1E5D92}
	EndGlobalSection
EndGlobal
